
Microsoft Visual Studio Solution File, Format Version 12.00
# Visual Studio Version 16
VisualStudioVersion = 16.0.32126.315
MinimumVisualStudioVersion = 10.0.40219.1
Project("{FAE04EC0-301F-11D3-BF4B-00C04F79EFBC}") = "Nhom5TN230", "Nhom5TN230.csproj", "{891B44F0-F474-4988-B729-B2E1B15F2945}"
EndProject
Global
	GlobalSection(SolutionConfigurationPlatforms) = preSolution
		Debug|Any CPU = Debug|Any CPU
		Release|Any CPU = Release|Any CPU
	EndGlobalSection
	GlobalSection(ProjectConfigurationPlatforms) = postSolution
		{891B44F0-F474-4988-B729-B2E1B15F2945}.Debug|Any CPU.ActiveCfg = Debug|Any CPU
		{891B44F0-F474-4988-B729-B2E1B15F2945}.Debug|Any CPU.Build.0 = Debug|Any CPU
		{891B44F0-F474-4988-B729-B2E1B15F2945}.Release|Any CPU.ActiveCfg = Release|Any CPU
		{891B44F0-F474-4988-B729-B2E1B15F2945}.Release|Any CPU.Build.0 = Release|Any CPU
	EndGlobalSection
	GlobalSection(SolutionProperties) = preSolution
		HideSolutionNode = FALSE
	EndGlobalSection
	GlobalSection(ExtensibilityGlobals) = postSolution
		SolutionGuid = {DAC7A66B-594E-4489-89C4-61F2DFC2771C}
	EndGlobalSection
EndGlobal
